
Microsoft Visual Studio Solution File, Format Version 12.00
# Visual Studio Version 16
VisualStudioVersion = 16.0.29424.173
MinimumVisualStudioVersion = 10.0.40219.1
Project("{8BC9CEB8-8B4A-11D0-8D11-00A0C91BC942}") = "Курсовая_Диспетчер_Задач", "Курсовая_Диспетчер_Задач\Курсовая_Диспетчер_Задач.vcxproj", "{056085B3-3C7B-45BE-AD39-6A5F97DCE675}"
EndProject
Global
	GlobalSection(SolutionConfigurationPlatforms) = preSolution
		Debug|x64 = Debug|x64
		Debug|x86 = Debug|x86
		Release|x64 = Release|x64
		Release|x86 = Release|x86
	EndGlobalSection
	GlobalSection(ProjectConfigurationPlatforms) = postSolution
		{056085B3-3C7B-45BE-AD39-6A5F97DCE675}.Debug|x64.ActiveCfg = Debug|x64
		{056085B3-3C7B-45BE-AD39-6A5F97DCE675}.Debug|x64.Build.0 = Debug|x64
		{056085B3-3C7B-45BE-AD39-6A5F97DCE675}.Debug|x86.ActiveCfg = Debug|Win32
		{056085B3-3C7B-45BE-AD39-6A5F97DCE675}.Debug|x86.Build.0 = Debug|Win32
		{056085B3-3C7B-45BE-AD39-6A5F97DCE675}.Release|x64.ActiveCfg = Release|x64
		{056085B3-3C7B-45BE-AD39-6A5F97DCE675}.Release|x64.Build.0 = Release|x64
		{056085B3-3C7B-45BE-AD39-6A5F97DCE675}.Release|x86.ActiveCfg = Release|Win32
		{056085B3-3C7B-45BE-AD39-6A5F97DCE675}.Release|x86.Build.0 = Release|Win32
	EndGlobalSection
	GlobalSection(SolutionProperties) = preSolution
		HideSolutionNode = FALSE
	EndGlobalSection
	GlobalSection(ExtensibilityGlobals) = postSolution
		SolutionGuid = {71CCEF77-5F21-4E97-BFFE-D3BE376D6895}
	EndGlobalSection
EndGlobal
